// !$*UTF8*$!
{
	archiveVersion = 1;
	classes = {
	};
	objectVersion = 50;
	objects = {

/* Begin PBXBuildFile section */
		3A374E1620CEEBD500986DAA /* AppDelegate.swift in Sources */ = {isa = PBXBuildFile; fileRef = 3A374E1520CEEBD500986DAA /* AppDelegate.swift */; };
		3A374E1820CEEBD500986DAA /* EquiposViewController.swift in Sources */ = {isa = PBXBuildFile; fileRef = 3A374E1720CEEBD500986DAA /* EquiposViewController.swift */; };
		3A374E1B20CEEBD500986DAA /* Main.storyboard in Resources */ = {isa = PBXBuildFile; fileRef = 3A374E1920CEEBD500986DAA /* Main.storyboard */; };
		3A374E1D20CEEBD600986DAA /* Assets.xcassets in Resources */ = {isa = PBXBuildFile; fileRef = 3A374E1C20CEEBD600986DAA /* Assets.xcassets */; };
		3A374E2020CEEBD600986DAA /* LaunchScreen.storyboard in Resources */ = {isa = PBXBuildFile; fileRef = 3A374E1E20CEEBD600986DAA /* LaunchScreen.storyboard */; };
		3A374E2B20CEEBD600986DAA /* Polla_UlimaTests.swift in Sources */ = {isa = PBXBuildFile; fileRef = 3A374E2A20CEEBD600986DAA /* Polla_UlimaTests.swift */; };
		3A374E3620CEEBD600986DAA /* Polla_UlimaUITests.swift in Sources */ = {isa = PBXBuildFile; fileRef = 3A374E3520CEEBD600986DAA /* Polla_UlimaUITests.swift */; };
		3A6ACF2820D0227C00F0B221 /* ViewControllerLogin.swift in Sources */ = {isa = PBXBuildFile; fileRef = 3A6ACF2720D0227C00F0B221 /* ViewControllerLogin.swift */; };
		3A6ACF2F20D02BFB00F0B221 /* PollaTableViewController.swift in Sources */ = {isa = PBXBuildFile; fileRef = 3A6ACF2E20D02BFB00F0B221 /* PollaTableViewController.swift */; };
		3A6ACF3120D0362F00F0B221 /* EquiposManager.swift in Sources */ = {isa = PBXBuildFile; fileRef = 3A6ACF3020D0362F00F0B221 /* EquiposManager.swift */; };
		3A6ACF3520D0632800F0B221 /* Team.swift in Sources */ = {isa = PBXBuildFile; fileRef = 3A6ACF3420D0632800F0B221 /* Team.swift */; };
		3A6EAFCA20D19B0B00A8C870 /* EquiposTableViewCell.swift in Sources */ = {isa = PBXBuildFile; fileRef = 3A6EAFC920D19B0B00A8C870 /* EquiposTableViewCell.swift */; };
		3A6EAFD320D1B91700A8C870 /* Player.swift in Sources */ = {isa = PBXBuildFile; fileRef = 3A6EAFD220D1B91700A8C870 /* Player.swift */; };
		3A6EAFD620D1B96E00A8C870 /* PlayersTableViewController.swift in Sources */ = {isa = PBXBuildFile; fileRef = 3A6EAFD520D1B96E00A8C870 /* PlayersTableViewController.swift */; };
		3A6EAFD820D1B99B00A8C870 /* PlayersManager.swift in Sources */ = {isa = PBXBuildFile; fileRef = 3A6EAFD720D1B99B00A8C870 /* PlayersManager.swift */; };
		3A6EAFDB20D1D18300A8C870 /* PlayerViewController.swift in Sources */ = {isa = PBXBuildFile; fileRef = 3A6EAFDA20D1D18300A8C870 /* PlayerViewController.swift */; };
/* End PBXBuildFile section */

/* Begin PBXContainerItemProxy section */
		3A374E2720CEEBD600986DAA /* PBXContainerItemProxy */ = {
			isa = PBXContainerItemProxy;
			containerPortal = 3A374E0A20CEEBD500986DAA /* Project object */;
			proxyType = 1;
			remoteGlobalIDString = 3A374E1120CEEBD500986DAA;
			remoteInfo = "Polla Ulima";
		};
		3A374E3220CEEBD600986DAA /* PBXContainerItemProxy */ = {
			isa = PBXContainerItemProxy;
			containerPortal = 3A374E0A20CEEBD500986DAA /* Project object */;
			proxyType = 1;
			remoteGlobalIDString = 3A374E1120CEEBD500986DAA;
			remoteInfo = "Polla Ulima";
		};
/* End PBXContainerItemProxy section */

/* Begin PBXFileReference section */
		3A374E1220CEEBD500986DAA /* Polla Ulima.app */ = {isa = PBXFileReference; explicitFileType = wrapper.application; includeInIndex = 0; path = "Polla Ulima.app"; sourceTree = BUILT_PRODUCTS_DIR; };
		3A374E1520CEEBD500986DAA /* AppDelegate.swift */ = {isa = PBXFileReference; lastKnownFileType = sourcecode.swift; path = AppDelegate.swift; sourceTree = "<group>"; };
		3A374E1720CEEBD500986DAA /* EquiposViewController.swift */ = {isa = PBXFileReference; lastKnownFileType = sourcecode.swift; path = EquiposViewController.swift; sourceTree = "<group>"; };
		3A374E1A20CEEBD500986DAA /* Base */ = {isa = PBXFileReference; lastKnownFileType = file.storyboard; name = Base; path = Base.lproj/Main.storyboard; sourceTree = "<group>"; };
		3A374E1C20CEEBD600986DAA /* Assets.xcassets */ = {isa = PBXFileReference; lastKnownFileType = folder.assetcatalog; path = Assets.xcassets; sourceTree = "<group>"; };
		3A374E1F20CEEBD600986DAA /* Base */ = {isa = PBXFileReference; lastKnownFileType = file.storyboard; name = Base; path = Base.lproj/LaunchScreen.storyboard; sourceTree = "<group>"; };
		3A374E2120CEEBD600986DAA /* Info.plist */ = {isa = PBXFileReference; lastKnownFileType = text.plist.xml; path = Info.plist; sourceTree = "<group>"; };
		3A374E2620CEEBD600986DAA /* Polla UlimaTests.xctest */ = {isa = PBXFileReference; explicitFileType = wrapper.cfbundle; includeInIndex = 0; path = "Polla UlimaTests.xctest"; sourceTree = BUILT_PRODUCTS_DIR; };
		3A374E2A20CEEBD600986DAA /* Polla_UlimaTests.swift */ = {isa = PBXFileReference; lastKnownFileType = sourcecode.swift; path = Polla_UlimaTests.swift; sourceTree = "<group>"; };
		3A374E2C20CEEBD600986DAA /* Info.plist */ = {isa = PBXFileReference; lastKnownFileType = text.plist.xml; path = Info.plist; sourceTree = "<group>"; };
		3A374E3120CEEBD600986DAA /* Polla UlimaUITests.xctest */ = {isa = PBXFileReference; explicitFileType = wrapper.cfbundle; includeInIndex = 0; path = "Polla UlimaUITests.xctest"; sourceTree = BUILT_PRODUCTS_DIR; };
		3A374E3520CEEBD600986DAA /* Polla_UlimaUITests.swift */ = {isa = PBXFileReference; lastKnownFileType = sourcecode.swift; path = Polla_UlimaUITests.swift; sourceTree = "<group>"; };
		3A374E3720CEEBD600986DAA /* Info.plist */ = {isa = PBXFileReference; lastKnownFileType = text.plist.xml; path = Info.plist; sourceTree = "<group>"; };
		3A6ACF2720D0227C00F0B221 /* ViewControllerLogin.swift */ = {isa = PBXFileReference; lastKnownFileType = sourcecode.swift; path = ViewControllerLogin.swift; sourceTree = "<group>"; };
		3A6ACF2E20D02BFB00F0B221 /* PollaTableViewController.swift */ = {isa = PBXFileReference; lastKnownFileType = sourcecode.swift; path = PollaTableViewController.swift; sourceTree = "<group>"; };
		3A6ACF3020D0362F00F0B221 /* EquiposManager.swift */ = {isa = PBXFileReference; lastKnownFileType = sourcecode.swift; path = EquiposManager.swift; sourceTree = "<group>"; };
		3A6ACF3420D0632800F0B221 /* Team.swift */ = {isa = PBXFileReference; lastKnownFileType = sourcecode.swift; path = Team.swift; sourceTree = "<group>"; };
		3A6EAFC920D19B0B00A8C870 /* EquiposTableViewCell.swift */ = {isa = PBXFileReference; lastKnownFileType = sourcecode.swift; path = EquiposTableViewCell.swift; sourceTree = "<group>"; };
		3A6EAFD220D1B91700A8C870 /* Player.swift */ = {isa = PBXFileReference; lastKnownFileType = sourcecode.swift; path = Player.swift; sourceTree = "<group>"; };
		3A6EAFD520D1B96E00A8C870 /* PlayersTableViewController.swift */ = {isa = PBXFileReference; lastKnownFileType = sourcecode.swift; path = PlayersTableViewController.swift; sourceTree = "<group>"; };
		3A6EAFD720D1B99B00A8C870 /* PlayersManager.swift */ = {isa = PBXFileReference; lastKnownFileType = sourcecode.swift; path = PlayersManager.swift; sourceTree = "<group>"; };
		3A6EAFDA20D1D18300A8C870 /* PlayerViewController.swift */ = {isa = PBXFileReference; lastKnownFileType = sourcecode.swift; path = PlayerViewController.swift; sourceTree = "<group>"; };
/* End PBXFileReference section */

/* Begin PBXFrameworksBuildPhase section */
		3A374E0F20CEEBD500986DAA /* Frameworks */ = {
			isa = PBXFrameworksBuildPhase;
			buildActionMask = 2147483647;
			files = (
			);
			runOnlyForDeploymentPostprocessing = 0;
		};
		3A374E2320CEEBD600986DAA /* Frameworks */ = {
			isa = PBXFrameworksBuildPhase;
			buildActionMask = 2147483647;
			files = (
			);
			runOnlyForDeploymentPostprocessing = 0;
		};
		3A374E2E20CEEBD600986DAA /* Frameworks */ = {
			isa = PBXFrameworksBuildPhase;
			buildActionMask = 2147483647;
			files = (
			);
			runOnlyForDeploymentPostprocessing = 0;
		};
/* End PBXFrameworksBuildPhase section */

/* Begin PBXGroup section */
		3A374E0920CEEBD500986DAA = {
			isa = PBXGroup;
			children = (
				3A374E1420CEEBD500986DAA /* Polla Ulima */,
				3A374E2920CEEBD600986DAA /* Polla UlimaTests */,
				3A374E3420CEEBD600986DAA /* Polla UlimaUITests */,
				3A374E1320CEEBD500986DAA /* Products */,
			);
			sourceTree = "<group>";
		};
		3A374E1320CEEBD500986DAA /* Products */ = {
			isa = PBXGroup;
			children = (
				3A374E1220CEEBD500986DAA /* Polla Ulima.app */,
				3A374E2620CEEBD600986DAA /* Polla UlimaTests.xctest */,
				3A374E3120CEEBD600986DAA /* Polla UlimaUITests.xctest */,
			);
			name = Products;
			sourceTree = "<group>";
		};
		3A374E1420CEEBD500986DAA /* Polla Ulima */ = {
			isa = PBXGroup;
			children = (
				3A6ACF3320D0630700F0B221 /* Models */,
				3A6ACF2D20D02BEF00F0B221 /* Polla */,
				3A6ACF2920D0255D00F0B221 /* Equipos */,
				3A6ACF2620D0224300F0B221 /* Login */,
				3A8F0E4520CF2D2500A48BEE /* Other */,
				3A374E1920CEEBD500986DAA /* Main.storyboard */,
				3A374E2120CEEBD600986DAA /* Info.plist */,
				3A374E1C20CEEBD600986DAA /* Assets.xcassets */,
			);
			path = "Polla Ulima";
			sourceTree = "<group>";
		};
		3A374E2920CEEBD600986DAA /* Polla UlimaTests */ = {
			isa = PBXGroup;
			children = (
				3A374E2A20CEEBD600986DAA /* Polla_UlimaTests.swift */,
				3A374E2C20CEEBD600986DAA /* Info.plist */,
			);
			path = "Polla UlimaTests";
			sourceTree = "<group>";
		};
		3A374E3420CEEBD600986DAA /* Polla UlimaUITests */ = {
			isa = PBXGroup;
			children = (
				3A374E3520CEEBD600986DAA /* Polla_UlimaUITests.swift */,
				3A374E3720CEEBD600986DAA /* Info.plist */,
			);
			path = "Polla UlimaUITests";
			sourceTree = "<group>";
		};
		3A6ACF2620D0224300F0B221 /* Login */ = {
			isa = PBXGroup;
			children = (
				3A6ACF2720D0227C00F0B221 /* ViewControllerLogin.swift */,
			);
			path = Login;
			sourceTree = "<group>";
		};
		3A6ACF2920D0255D00F0B221 /* Equipos */ = {
			isa = PBXGroup;
			children = (
				3A6EAFD420D1B94400A8C870 /* Players */,
				3A374E1720CEEBD500986DAA /* EquiposViewController.swift */,
				3A6ACF3020D0362F00F0B221 /* EquiposManager.swift */,
				3A6EAFC920D19B0B00A8C870 /* EquiposTableViewCell.swift */,
			);
			path = Equipos;
			sourceTree = "<group>";
		};
		3A6ACF2D20D02BEF00F0B221 /* Polla */ = {
			isa = PBXGroup;
			children = (
				3A6ACF2E20D02BFB00F0B221 /* PollaTableViewController.swift */,
			);
			path = Polla;
			sourceTree = "<group>";
		};
		3A6ACF3320D0630700F0B221 /* Models */ = {
			isa = PBXGroup;
			children = (
				3A6ACF3420D0632800F0B221 /* Team.swift */,
				3A6EAFD220D1B91700A8C870 /* Player.swift */,
			);
			path = Models;
			sourceTree = "<group>";
		};
		3A6EAFD420D1B94400A8C870 /* Players */ = {
			isa = PBXGroup;
			children = (
				3A6EAFD920D1D16800A8C870 /* Player */,
				3A6EAFD520D1B96E00A8C870 /* PlayersTableViewController.swift */,
				3A6EAFD720D1B99B00A8C870 /* PlayersManager.swift */,
			);
			path = Players;
			sourceTree = "<group>";
		};
		3A6EAFD920D1D16800A8C870 /* Player */ = {
			isa = PBXGroup;
			children = (
				3A6EAFDA20D1D18300A8C870 /* PlayerViewController.swift */,
			);
			path = Player;
			sourceTree = "<group>";
		};
		3A8F0E4520CF2D2500A48BEE /* Other */ = {
			isa = PBXGroup;
			children = (
				3A374E1520CEEBD500986DAA /* AppDelegate.swift */,
				3A374E1E20CEEBD600986DAA /* LaunchScreen.storyboard */,
			);
			path = Other;
			sourceTree = "<group>";
		};
/* End PBXGroup section */

/* Begin PBXNativeTarget section */
		3A374E1120CEEBD500986DAA /* Polla Ulima */ = {
			isa = PBXNativeTarget;
			buildConfigurationList = 3A374E3A20CEEBD600986DAA /* Build configuration list for PBXNativeTarget "Polla Ulima" */;
			buildPhases = (
				3A374E0E20CEEBD500986DAA /* Sources */,
				3A374E0F20CEEBD500986DAA /* Frameworks */,
				3A374E1020CEEBD500986DAA /* Resources */,
			);
			buildRules = (
			);
			dependencies = (
			);
			name = "Polla Ulima";
			productName = "Polla Ulima";
			productReference = 3A374E1220CEEBD500986DAA /* Polla Ulima.app */;
			productType = "com.apple.product-type.application";
		};
		3A374E2520CEEBD600986DAA /* Polla UlimaTests */ = {
			isa = PBXNativeTarget;
			buildConfigurationList = 3A374E3D20CEEBD600986DAA /* Build configuration list for PBXNativeTarget "Polla UlimaTests" */;
			buildPhases = (
				3A374E2220CEEBD600986DAA /* Sources */,
				3A374E2320CEEBD600986DAA /* Frameworks */,
				3A374E2420CEEBD600986DAA /* Resources */,
			);
			buildRules = (
			);
			dependencies = (
				3A374E2820CEEBD600986DAA /* PBXTargetDependency */,
			);
			name = "Polla UlimaTests";
			productName = "Polla UlimaTests";
			productReference = 3A374E2620CEEBD600986DAA /* Polla UlimaTests.xctest */;
			productType = "com.apple.product-type.bundle.unit-test";
		};
		3A374E3020CEEBD600986DAA /* Polla UlimaUITests */ = {
			isa = PBXNativeTarget;
			buildConfigurationList = 3A374E4020CEEBD600986DAA /* Build configuration list for PBXNativeTarget "Polla UlimaUITests" */;
			buildPhases = (
				3A374E2D20CEEBD600986DAA /* Sources */,
				3A374E2E20CEEBD600986DAA /* Frameworks */,
				3A374E2F20CEEBD600986DAA /* Resources */,
			);
			buildRules = (
			);
			dependencies = (
				3A374E3320CEEBD600986DAA /* PBXTargetDependency */,
			);
			name = "Polla UlimaUITests";
			productName = "Polla UlimaUITests";
			productReference = 3A374E3120CEEBD600986DAA /* Polla UlimaUITests.xctest */;
			productType = "com.apple.product-type.bundle.ui-testing";
		};
/* End PBXNativeTarget section */

/* Begin PBXProject section */
		3A374E0A20CEEBD500986DAA /* Project object */ = {
			isa = PBXProject;
			attributes = {
				LastSwiftUpdateCheck = 0940;
				LastUpgradeCheck = 0940;
				ORGANIZATIONNAME = "Anton Tchistiakov";
				TargetAttributes = {
					3A374E1120CEEBD500986DAA = {
						CreatedOnToolsVersion = 9.4;
					};
					3A374E2520CEEBD600986DAA = {
						CreatedOnToolsVersion = 9.4;
						TestTargetID = 3A374E1120CEEBD500986DAA;
					};
					3A374E3020CEEBD600986DAA = {
						CreatedOnToolsVersion = 9.4;
						TestTargetID = 3A374E1120CEEBD500986DAA;
					};
				};
			};
			buildConfigurationList = 3A374E0D20CEEBD500986DAA /* Build configuration list for PBXProject "Polla Ulima" */;
			compatibilityVersion = "Xcode 9.3";
			developmentRegion = en;
			hasScannedForEncodings = 0;
			knownRegions = (
				en,
				Base,
			);
			mainGroup = 3A374E0920CEEBD500986DAA;
			productRefGroup = 3A374E1320CEEBD500986DAA /* Products */;
			projectDirPath = "";
			projectRoot = "";
			targets = (
				3A374E1120CEEBD500986DAA /* Polla Ulima */,
				3A374E2520CEEBD600986DAA /* Polla UlimaTests */,
				3A374E3020CEEBD600986DAA /* Polla UlimaUITests */,
			);
		};
/* End PBXProject section */

/* Begin PBXResourcesBuildPhase section */
		3A374E1020CEEBD500986DAA /* Resources */ = {
			isa = PBXResourcesBuildPhase;
			buildActionMask = 2147483647;
			files = (
				3A374E2020CEEBD600986DAA /* LaunchScreen.storyboard in Resources */,
				3A374E1D20CEEBD600986DAA /* Assets.xcassets in Resources */,
				3A374E1B20CEEBD500986DAA /* Main.storyboard in Resources */,
			);
			runOnlyForDeploymentPostprocessing = 0;
		};
		3A374E2420CEEBD600986DAA /* Resources */ = {
			isa = PBXResourcesBuildPhase;
			buildActionMask = 2147483647;
			files = (
			);
			runOnlyForDeploymentPostprocessing = 0;
		};
		3A374E2F20CEEBD600986DAA /* Resources */ = {
			isa = PBXResourcesBuildPhase;
			buildActionMask = 2147483647;
			files = (
			);
			runOnlyForDeploymentPostprocessing = 0;
		};
/* End PBXResourcesBuildPhase section */

/* Begin PBXSourcesBuildPhase section */
		3A374E0E20CEEBD500986DAA /* Sources */ = {
			isa = PBXSourcesBuildPhase;
			buildActionMask = 2147483647;
			files = (
				3A6EAFD820D1B99B00A8C870 /* PlayersManager.swift in Sources */,
				3A6ACF3520D0632800F0B221 /* Team.swift in Sources */,
				3A6EAFCA20D19B0B00A8C870 /* EquiposTableViewCell.swift in Sources */,
				3A6ACF2F20D02BFB00F0B221 /* PollaTableViewController.swift in Sources */,
				3A6ACF3120D0362F00F0B221 /* EquiposManager.swift in Sources */,
				3A6EAFD320D1B91700A8C870 /* Player.swift in Sources */,
				3A374E1820CEEBD500986DAA /* EquiposViewController.swift in Sources */,
				3A374E1620CEEBD500986DAA /* AppDelegate.swift in Sources */,
				3A6ACF2820D0227C00F0B221 /* ViewControllerLogin.swift in Sources */,
				3A6EAFDB20D1D18300A8C870 /* PlayerViewController.swift in Sources */,
				3A6EAFD620D1B96E00A8C870 /* PlayersTableViewController.swift in Sources */,
			);
			runOnlyForDeploymentPostprocessing = 0;
		};
		3A374E2220CEEBD600986DAA /* Sources */ = {
			isa = PBXSourcesBuildPhase;
			buildActionMask = 2147483647;
			files = (
				3A374E2B20CEEBD600986DAA /* Polla_UlimaTests.swift in Sources */,
			);
			runOnlyForDeploymentPostprocessing = 0;
		};
		3A374E2D20CEEBD600986DAA /* Sources */ = {
			isa = PBXSourcesBuildPhase;
			buildActionMask = 2147483647;
			files = (
				3A374E3620CEEBD600986DAA /* Polla_UlimaUITests.swift in Sources */,
			);
			runOnlyForDeploymentPostprocessing = 0;
		};
/* End PBXSourcesBuildPhase section */

/* Begin PBXTargetDependency section */
		3A374E2820CEEBD600986DAA /* PBXTargetDependency */ = {
			isa = PBXTargetDependency;
			target = 3A374E1120CEEBD500986DAA /* Polla Ulima */;
			targetProxy = 3A374E2720CEEBD600986DAA /* PBXContainerItemProxy */;
		};
		3A374E3320CEEBD600986DAA /* PBXTargetDependency */ = {
			isa = PBXTargetDependency;
			target = 3A374E1120CEEBD500986DAA /* Polla Ulima */;
			targetProxy = 3A374E3220CEEBD600986DAA /* PBXContainerItemProxy */;
		};
/* End PBXTargetDependency section */

/* Begin PBXVariantGroup section */
		3A374E1920CEEBD500986DAA /* Main.storyboard */ = {
			isa = PBXVariantGroup;
			children = (
				3A374E1A20CEEBD500986DAA /* Base */,
			);
			name = Main.storyboard;
			sourceTree = "<group>";
		};
		3A374E1E20CEEBD600986DAA /* LaunchScreen.storyboard */ = {
			isa = PBXVariantGroup;
			children = (
				3A374E1F20CEEBD600986DAA /* Base */,
			);
			name = LaunchScreen.storyboard;
			sourceTree = "<group>";
		};
/* End PBXVariantGroup section */

/* Begin XCBuildConfiguration section */
		3A374E3820CEEBD600986DAA /* Debug */ = {
			isa = XCBuildConfiguration;
			buildSettings = {
				ALWAYS_SEARCH_USER_PATHS = NO;
				CLANG_ANALYZER_NONNULL = YES;
				CLANG_ANALYZER_NUMBER_OBJECT_CONVERSION = YES_AGGRESSIVE;
				CLANG_CXX_LANGUAGE_STANDARD = "gnu++14";
				CLANG_CXX_LIBRARY = "libc++";
				CLANG_ENABLE_MODULES = YES;
				CLANG_ENABLE_OBJC_ARC = YES;
				CLANG_ENABLE_OBJC_WEAK = YES;
				CLANG_WARN_BLOCK_CAPTURE_AUTORELEASING = YES;
				CLANG_WARN_BOOL_CONVERSION = YES;
				CLANG_WARN_COMMA = YES;
				CLANG_WARN_CONSTANT_CONVERSION = YES;
				CLANG_WARN_DEPRECATED_OBJC_IMPLEMENTATIONS = YES;
				CLANG_WARN_DIRECT_OBJC_ISA_USAGE = YES_ERROR;
				CLANG_WARN_DOCUMENTATION_COMMENTS = YES;
				CLANG_WARN_EMPTY_BODY = YES;
				CLANG_WARN_ENUM_CONVERSION = YES;
				CLANG_WARN_INFINITE_RECURSION = YES;
				CLANG_WARN_INT_CONVERSION = YES;
				CLANG_WARN_NON_LITERAL_NULL_CONVERSION = YES;
				CLANG_WARN_OBJC_IMPLICIT_RETAIN_SELF = YES;
				CLANG_WARN_OBJC_LITERAL_CONVERSION = YES;
				CLANG_WARN_OBJC_ROOT_CLASS = YES_ERROR;
				CLANG_WARN_RANGE_LOOP_ANALYSIS = YES;
				CLANG_WARN_STRICT_PROTOTYPES = YES;
				CLANG_WARN_SUSPICIOUS_MOVE = YES;
				CLANG_WARN_UNGUARDED_AVAILABILITY = YES_AGGRESSIVE;
				CLANG_WARN_UNREACHABLE_CODE = YES;
				CLANG_WARN__DUPLICATE_METHOD_MATCH = YES;
				CODE_SIGN_IDENTITY = "iPhone Developer";
				COPY_PHASE_STRIP = NO;
				DEBUG_INFORMATION_FORMAT = dwarf;
				ENABLE_STRICT_OBJC_MSGSEND = YES;
				ENABLE_TESTABILITY = YES;
				GCC_C_LANGUAGE_STANDARD = gnu11;
				GCC_DYNAMIC_NO_PIC = NO;
				GCC_NO_COMMON_BLOCKS = YES;
				GCC_OPTIMIZATION_LEVEL = 0;
				GCC_PREPROCESSOR_DEFINITIONS = (
					"DEBUG=1",
					"$(inherited)",
				);
				GCC_WARN_64_TO_32_BIT_CONVERSION = YES;
				GCC_WARN_ABOUT_RETURN_TYPE = YES_ERROR;
				GCC_WARN_UNDECLARED_SELECTOR = YES;
				GCC_WARN_UNINITIALIZED_AUTOS = YES_AGGRESSIVE;
				GCC_WARN_UNUSED_FUNCTION = YES;
				GCC_WARN_UNUSED_VARIABLE = YES;
				IPHONEOS_DEPLOYMENT_TARGET = 11.4;
				MTL_ENABLE_DEBUG_INFO = YES;
				ONLY_ACTIVE_ARCH = YES;
				SDKROOT = iphoneos;
				SWIFT_ACTIVE_COMPILATION_CONDITIONS = DEBUG;
				SWIFT_OPTIMIZATION_LEVEL = "-Onone";
			};
			name = Debug;
		};
		3A374E3920CEEBD600986DAA /* Release */ = {
			isa = XCBuildConfiguration;
			buildSettings = {
				ALWAYS_SEARCH_USER_PATHS = NO;
				CLANG_ANALYZER_NONNULL = YES;
				CLANG_ANALYZER_NUMBER_OBJECT_CONVERSION = YES_AGGRESSIVE;
				CLANG_CXX_LANGUAGE_STANDARD = "gnu++14";
				CLANG_CXX_LIBRARY = "libc++";
				CLANG_ENABLE_MODULES = YES;
				CLANG_ENABLE_OBJC_ARC = YES;
				CLANG_ENABLE_OBJC_WEAK = YES;
				CLANG_WARN_BLOCK_CAPTURE_AUTORELEASING = YES;
				CLANG_WARN_BOOL_CONVERSION = YES;
				CLANG_WARN_COMMA = YES;
				CLANG_WARN_CONSTANT_CONVERSION = YES;
				CLANG_WARN_DEPRECATED_OBJC_IMPLEMENTATIONS = YES;
				CLANG_WARN_DIRECT_OBJC_ISA_USAGE = YES_ERROR;
				CLANG_WARN_DOCUMENTATION_COMMENTS = YES;
				CLANG_WARN_EMPTY_BODY = YES;
				CLANG_WARN_ENUM_CONVERSION = YES;
				CLANG_WARN_INFINITE_RECURSION = YES;
				CLANG_WARN_INT_CONVERSION = YES;
				CLANG_WARN_NON_LITERAL_NULL_CONVERSION = YES;
				CLANG_WARN_OBJC_IMPLICIT_RETAIN_SELF = YES;
				CLANG_WARN_OBJC_LITERAL_CONVERSION = YES;
				CLANG_WARN_OBJC_ROOT_CLASS = YES_ERROR;
				CLANG_WARN_RANGE_LOOP_ANALYSIS = YES;
				CLANG_WARN_STRICT_PROTOTYPES = YES;
				CLANG_WARN_SUSPICIOUS_MOVE = YES;
				CLANG_WARN_UNGUARDED_AVAILABILITY = YES_AGGRESSIVE;
				CLANG_WARN_UNREACHABLE_CODE = YES;
				CLANG_WARN__DUPLICATE_METHOD_MATCH = YES;
				CODE_SIGN_IDENTITY = "iPhone Developer";
				COPY_PHASE_STRIP = NO;
				DEBUG_INFORMATION_FORMAT = "dwarf-with-dsym";
				ENABLE_NS_ASSERTIONS = NO;
				ENABLE_STRICT_OBJC_MSGSEND = YES;
				GCC_C_LANGUAGE_STANDARD = gnu11;
				GCC_NO_COMMON_BLOCKS = YES;
				GCC_WARN_64_TO_32_BIT_CONVERSION = YES;
				GCC_WARN_ABOUT_RETURN_TYPE = YES_ERROR;
				GCC_WARN_UNDECLARED_SELECTOR = YES;
				GCC_WARN_UNINITIALIZED_AUTOS = YES_AGGRESSIVE;
				GCC_WARN_UNUSED_FUNCTION = YES;
				GCC_WARN_UNUSED_VARIABLE = YES;
				IPHONEOS_DEPLOYMENT_TARGET = 11.4;
				MTL_ENABLE_DEBUG_INFO = NO;
				SDKROOT = iphoneos;
				SWIFT_COMPILATION_MODE = wholemodule;
				SWIFT_OPTIMIZATION_LEVEL = "-O";
				VALIDATE_PRODUCT = YES;
			};
			name = Release;
		};
		3A374E3B20CEEBD600986DAA /* Debug */ = {
			isa = XCBuildConfiguration;
			buildSettings = {
				ASSETCATALOG_COMPILER_APPICON_NAME = AppIcon;
				CODE_SIGN_STYLE = Automatic;
				DEVELOPMENT_TEAM = 3P69AYH647;
				INFOPLIST_FILE = "Polla Ulima/Info.plist";
				LD_RUNPATH_SEARCH_PATHS = (
					"$(inherited)",
					"@executable_path/Frameworks",
				);
				PRODUCT_BUNDLE_IDENTIFIER = "anwera97.Polla-Ulima";
				PRODUCT_NAME = "$(TARGET_NAME)";
				SWIFT_VERSION = 4.0;
				TARGETED_DEVICE_FAMILY = "1,2";
			};
			name = Debug;
		};
		3A374E3C20CEEBD600986DAA /* Release */ = {
			isa = XCBuildConfiguration;
			buildSettings = {
				ASSETCATALOG_COMPILER_APPICON_NAME = AppIcon;
				CODE_SIGN_STYLE = Automatic;
				DEVELOPMENT_TEAM = 3P69AYH647;
				INFOPLIST_FILE = "Polla Ulima/Info.plist";
				LD_RUNPATH_SEARCH_PATHS = (
					"$(inherited)",
					"@executable_path/Frameworks",
				);
				PRODUCT_BUNDLE_IDENTIFIER = "anwera97.Polla-Ulima";
				PRODUCT_NAME = "$(TARGET_NAME)";
				SWIFT_VERSION = 4.0;
				TARGETED_DEVICE_FAMILY = "1,2";
			};
			name = Release;
		};
		3A374E3E20CEEBD600986DAA /* Debug */ = {
			isa = XCBuildConfiguration;
			buildSettings = {
				ALWAYS_EMBED_SWIFT_STANDARD_LIBRARIES = YES;
				BUNDLE_LOADER = "$(TEST_HOST)";
				CODE_SIGN_STYLE = Automatic;
				DEVELOPMENT_TEAM = 3P69AYH647;
				INFOPLIST_FILE = "Polla UlimaTests/Info.plist";
				LD_RUNPATH_SEARCH_PATHS = (
					"$(inherited)",
					"@executable_path/Frameworks",
					"@loader_path/Frameworks",
				);
				PRODUCT_BUNDLE_IDENTIFIER = "anwera97.Polla-UlimaTests";
				PRODUCT_NAME = "$(TARGET_NAME)";
				SWIFT_VERSION = 4.0;
				TARGETED_DEVICE_FAMILY = "1,2";
				TEST_HOST = "$(BUILT_PRODUCTS_DIR)/Polla Ulima.app/Polla Ulima";
			};
			name = Debug;
		};
		3A374E3F20CEEBD600986DAA /* Release */ = {
			isa = XCBuildConfiguration;
			buildSettings = {
				ALWAYS_EMBED_SWIFT_STANDARD_LIBRARIES = YES;
				BUNDLE_LOADER = "$(TEST_HOST)";
				CODE_SIGN_STYLE = Automatic;
				DEVELOPMENT_TEAM = 3P69AYH647;
				INFOPLIST_FILE = "Polla UlimaTests/Info.plist";
				LD_RUNPATH_SEARCH_PATHS = (
					"$(inherited)",
					"@executable_path/Frameworks",
					"@loader_path/Frameworks",
				);
				PRODUCT_BUNDLE_IDENTIFIER = "anwera97.Polla-UlimaTests";
				PRODUCT_NAME = "$(TARGET_NAME)";
				SWIFT_VERSION = 4.0;
				TARGETED_DEVICE_FAMILY = "1,2";
				TEST_HOST = "$(BUILT_PRODUCTS_DIR)/Polla Ulima.app/Polla Ulima";
			};
			name = Release;
		};
		3A374E4120CEEBD600986DAA /* Debug */ = {
			isa = XCBuildConfiguration;
			buildSettings = {
				ALWAYS_EMBED_SWIFT_STANDARD_LIBRARIES = YES;
				CODE_SIGN_STYLE = Automatic;
				DEVELOPMENT_TEAM = 3P69AYH647;
				INFOPLIST_FILE = "Polla UlimaUITests/Info.plist";
				LD_RUNPATH_SEARCH_PATHS = (
					"$(inherited)",
					"@executable_path/Frameworks",
					"@loader_path/Frameworks",
				);
				PRODUCT_BUNDLE_IDENTIFIER = "anwera97.Polla-UlimaUITests";
				PRODUCT_NAME = "$(TARGET_NAME)";
				SWIFT_VERSION = 4.0;
				TARGETED_DEVICE_FAMILY = "1,2";
				TEST_TARGET_NAME = "Polla Ulima";
			};
			name = Debug;
		};
		3A374E4220CEEBD600986DAA /* Release */ = {
			isa = XCBuildConfiguration;
			buildSettings = {
				ALWAYS_EMBED_SWIFT_STANDARD_LIBRARIES = YES;
				CODE_SIGN_STYLE = Automatic;
				DEVELOPMENT_TEAM = 3P69AYH647;
				INFOPLIST_FILE = "Polla UlimaUITests/Info.plist";
				LD_RUNPATH_SEARCH_PATHS = (
					"$(inherited)",
					"@executable_path/Frameworks",
					"@loader_path/Frameworks",
				);
				PRODUCT_BUNDLE_IDENTIFIER = "anwera97.Polla-UlimaUITests";
				PRODUCT_NAME = "$(TARGET_NAME)";
				SWIFT_VERSION = 4.0;
				TARGETED_DEVICE_FAMILY = "1,2";
				TEST_TARGET_NAME = "Polla Ulima";
			};
			name = Release;
		};
/* End XCBuildConfiguration section */

/* Begin XCConfigurationList section */
		3A374E0D20CEEBD500986DAA /* Build configuration list for PBXProject "Polla Ulima" */ = {
			isa = XCConfigurationList;
			buildConfigurations = (
				3A374E3820CEEBD600986DAA /* Debug */,
				3A374E3920CEEBD600986DAA /* Release */,
			);
			defaultConfigurationIsVisible = 0;
			defaultConfigurationName = Release;
		};
		3A374E3A20CEEBD600986DAA /* Build configuration list for PBXNativeTarget "Polla Ulima" */ = {
			isa = XCConfigurationList;
			buildConfigurations = (
				3A374E3B20CEEBD600986DAA /* Debug */,
				3A374E3C20CEEBD600986DAA /* Release */,
			);
			defaultConfigurationIsVisible = 0;
			defaultConfigurationName = Release;
		};
		3A374E3D20CEEBD600986DAA /* Build configuration list for PBXNativeTarget "Polla UlimaTests" */ = {
			isa = XCConfigurationList;
			buildConfigurations = (
				3A374E3E20CEEBD600986DAA /* Debug */,
				3A374E3F20CEEBD600986DAA /* Release */,
			);
			defaultConfigurationIsVisible = 0;
			defaultConfigurationName = Release;
		};
		3A374E4020CEEBD600986DAA /* Build configuration list for PBXNativeTarget "Polla UlimaUITests" */ = {
			isa = XCConfigurationList;
			buildConfigurations = (
				3A374E4120CEEBD600986DAA /* Debug */,
				3A374E4220CEEBD600986DAA /* Release */,
			);
			defaultConfigurationIsVisible = 0;
			defaultConfigurationName = Release;
		};
/* End XCConfigurationList section */
	};
	rootObject = 3A374E0A20CEEBD500986DAA /* Project object */;
}
